
Microsoft Visual Studio Solution File, Format Version 12.00
# Visual Studio Version 17
VisualStudioVersion = 17.6.33815.320
MinimumVisualStudioVersion = 10.0.40219.1
Project("{FAE04EC0-301F-11D3-BF4B-00C04F79EFBC}") = "ChamCong365", "ChamCong365\ChamCong365.csproj", "{1F167F5E-BFC4-42ED-9CB4-44AC9741A683}"
EndProject
Global
	GlobalSection(SolutionConfigurationPlatforms) = preSolution
		Debug|Any CPU = Debug|Any CPU
		Release|Any CPU = Release|Any CPU
	EndGlobalSection
	GlobalSection(ProjectConfigurationPlatforms) = postSolution
		{1F167F5E-BFC4-42ED-9CB4-44AC9741A683}.Debug|Any CPU.ActiveCfg = Debug|Any CPU
		{1F167F5E-BFC4-42ED-9CB4-44AC9741A683}.Debug|Any CPU.Build.0 = Debug|Any CPU
		{1F167F5E-BFC4-42ED-9CB4-44AC9741A683}.Release|Any CPU.ActiveCfg = Release|Any CPU
		{1F167F5E-BFC4-42ED-9CB4-44AC9741A683}.Release|Any CPU.Build.0 = Release|Any CPU
	EndGlobalSection
	GlobalSection(SolutionProperties) = preSolution
		HideSolutionNode = FALSE
	EndGlobalSection
	GlobalSection(ExtensibilityGlobals) = postSolution
		SolutionGuid = {551DAAA0-B837-403D-A46F-DF3A6BF6C412}
	EndGlobalSection
EndGlobal
